// !$*UTF8*$!
{
	archiveVersion = 1;
	classes = {
	};
	objectVersion = 48;
	objects = {

/* Begin PBXBuildFile section */
		945080E52066AB9500E855FC /* State.swift in Sources */ = {isa = PBXBuildFile; fileRef = 945080E42066AB9500E855FC /* State.swift */; };
		945080E72066BB7F00E855FC /* ChooseRepViewController.swift in Sources */ = {isa = PBXBuildFile; fileRef = 945080E62066BB7F00E855FC /* ChooseRepViewController.swift */; };
		945080E92066CA2800E855FC /* Rep.swift in Sources */ = {isa = PBXBuildFile; fileRef = 945080E82066CA2800E855FC /* Rep.swift */; };
		949FF09020752DA7003D7238 /* OpenSecretsResponse.swift in Sources */ = {isa = PBXBuildFile; fileRef = 949FF08F20752DA7003D7238 /* OpenSecretsResponse.swift */; };
		94B3BD422064015000EA8C16 /* AppDelegate.swift in Sources */ = {isa = PBXBuildFile; fileRef = 94B3BD412064015000EA8C16 /* AppDelegate.swift */; };
		94B3BD472064015000EA8C16 /* Main.storyboard in Resources */ = {isa = PBXBuildFile; fileRef = 94B3BD452064015000EA8C16 /* Main.storyboard */; };
		94B3BD492064015000EA8C16 /* Assets.xcassets in Resources */ = {isa = PBXBuildFile; fileRef = 94B3BD482064015000EA8C16 /* Assets.xcassets */; };
		94B3BD4C2064015000EA8C16 /* LaunchScreen.storyboard in Resources */ = {isa = PBXBuildFile; fileRef = 94B3BD4A2064015000EA8C16 /* LaunchScreen.storyboard */; };
		94B3BD572064015000EA8C16 /* BribeCongressTests.swift in Sources */ = {isa = PBXBuildFile; fileRef = 94B3BD562064015000EA8C16 /* BribeCongressTests.swift */; };
		94B3BD622064015000EA8C16 /* BribeCongressUITests.swift in Sources */ = {isa = PBXBuildFile; fileRef = 94B3BD612064015000EA8C16 /* BribeCongressUITests.swift */; };
		94B3BD702064031200EA8C16 /* States.json in Resources */ = {isa = PBXBuildFile; fileRef = 94B3BD6F2064031200EA8C16 /* States.json */; };
		94B3BD762064039D00EA8C16 /* ChooseStateViewController.swift in Sources */ = {isa = PBXBuildFile; fileRef = 94B3BD752064039D00EA8C16 /* ChooseStateViewController.swift */; };
		BFB02E06D8B670D83C83E6DE /* Pods_BribeCongressUITests.framework in Frameworks */ = {isa = PBXBuildFile; fileRef = 4D32129D4FF0E643D56888D6 /* Pods_BribeCongressUITests.framework */; };
		C3FEC237757EFAF98C5032D0 /* Pods_BribeCongressTests.framework in Frameworks */ = {isa = PBXBuildFile; fileRef = 71BBF062956F6BE9C4FDE94E /* Pods_BribeCongressTests.framework */; };
		FE2330703CAEE67DED23B107 /* Pods_BribeCongress.framework in Frameworks */ = {isa = PBXBuildFile; fileRef = 58C173218DD5769A0391293C /* Pods_BribeCongress.framework */; };
/* End PBXBuildFile section */

/* Begin PBXContainerItemProxy section */
		94B3BD532064015000EA8C16 /* PBXContainerItemProxy */ = {
			isa = PBXContainerItemProxy;
			containerPortal = 94B3BD362064015000EA8C16 /* Project object */;
			proxyType = 1;
			remoteGlobalIDString = 94B3BD3D2064015000EA8C16;
			remoteInfo = BribeCongress;
		};
		94B3BD5E2064015000EA8C16 /* PBXContainerItemProxy */ = {
			isa = PBXContainerItemProxy;
			containerPortal = 94B3BD362064015000EA8C16 /* Project object */;
			proxyType = 1;
			remoteGlobalIDString = 94B3BD3D2064015000EA8C16;
			remoteInfo = BribeCongress;
		};
/* End PBXContainerItemProxy section */

/* Begin PBXFileReference section */
		32EDC7A07CB7243286975CBD /* Pods-BribeCongressTests.debug.xcconfig */ = {isa = PBXFileReference; includeInIndex = 1; lastKnownFileType = text.xcconfig; name = "Pods-BribeCongressTests.debug.xcconfig"; path = "Pods/Target Support Files/Pods-BribeCongressTests/Pods-BribeCongressTests.debug.xcconfig"; sourceTree = "<group>"; };
		4D32129D4FF0E643D56888D6 /* Pods_BribeCongressUITests.framework */ = {isa = PBXFileReference; explicitFileType = wrapper.framework; includeInIndex = 0; path = Pods_BribeCongressUITests.framework; sourceTree = BUILT_PRODUCTS_DIR; };
		58C173218DD5769A0391293C /* Pods_BribeCongress.framework */ = {isa = PBXFileReference; explicitFileType = wrapper.framework; includeInIndex = 0; path = Pods_BribeCongress.framework; sourceTree = BUILT_PRODUCTS_DIR; };
		71BBF062956F6BE9C4FDE94E /* Pods_BribeCongressTests.framework */ = {isa = PBXFileReference; explicitFileType = wrapper.framework; includeInIndex = 0; path = Pods_BribeCongressTests.framework; sourceTree = BUILT_PRODUCTS_DIR; };
		7372B2143EC95BA95304125C /* Pods-BribeCongressUITests.release.xcconfig */ = {isa = PBXFileReference; includeInIndex = 1; lastKnownFileType = text.xcconfig; name = "Pods-BribeCongressUITests.release.xcconfig"; path = "Pods/Target Support Files/Pods-BribeCongressUITests/Pods-BribeCongressUITests.release.xcconfig"; sourceTree = "<group>"; };
		945080E42066AB9500E855FC /* State.swift */ = {isa = PBXFileReference; lastKnownFileType = sourcecode.swift; path = State.swift; sourceTree = "<group>"; };
		945080E62066BB7F00E855FC /* ChooseRepViewController.swift */ = {isa = PBXFileReference; lastKnownFileType = sourcecode.swift; path = ChooseRepViewController.swift; sourceTree = "<group>"; };
		945080E82066CA2800E855FC /* Rep.swift */ = {isa = PBXFileReference; lastKnownFileType = sourcecode.swift; path = Rep.swift; sourceTree = "<group>"; };
		949FF08F20752DA7003D7238 /* OpenSecretsResponse.swift */ = {isa = PBXFileReference; lastKnownFileType = sourcecode.swift; path = OpenSecretsResponse.swift; sourceTree = "<group>"; };
		94B3BD3E2064015000EA8C16 /* BribeCongress.app */ = {isa = PBXFileReference; explicitFileType = wrapper.application; includeInIndex = 0; path = BribeCongress.app; sourceTree = BUILT_PRODUCTS_DIR; };
		94B3BD412064015000EA8C16 /* AppDelegate.swift */ = {isa = PBXFileReference; lastKnownFileType = sourcecode.swift; path = AppDelegate.swift; sourceTree = "<group>"; };
		94B3BD462064015000EA8C16 /* Base */ = {isa = PBXFileReference; lastKnownFileType = file.storyboard; name = Base; path = Base.lproj/Main.storyboard; sourceTree = "<group>"; };
		94B3BD482064015000EA8C16 /* Assets.xcassets */ = {isa = PBXFileReference; lastKnownFileType = folder.assetcatalog; path = Assets.xcassets; sourceTree = "<group>"; };
		94B3BD4B2064015000EA8C16 /* Base */ = {isa = PBXFileReference; lastKnownFileType = file.storyboard; name = Base; path = Base.lproj/LaunchScreen.storyboard; sourceTree = "<group>"; };
		94B3BD4D2064015000EA8C16 /* Info.plist */ = {isa = PBXFileReference; lastKnownFileType = text.plist.xml; path = Info.plist; sourceTree = "<group>"; };
		94B3BD522064015000EA8C16 /* BribeCongressTests.xctest */ = {isa = PBXFileReference; explicitFileType = wrapper.cfbundle; includeInIndex = 0; path = BribeCongressTests.xctest; sourceTree = BUILT_PRODUCTS_DIR; };
		94B3BD562064015000EA8C16 /* BribeCongressTests.swift */ = {isa = PBXFileReference; lastKnownFileType = sourcecode.swift; path = BribeCongressTests.swift; sourceTree = "<group>"; };
		94B3BD582064015000EA8C16 /* Info.plist */ = {isa = PBXFileReference; lastKnownFileType = text.plist.xml; path = Info.plist; sourceTree = "<group>"; };
		94B3BD5D2064015000EA8C16 /* BribeCongressUITests.xctest */ = {isa = PBXFileReference; explicitFileType = wrapper.cfbundle; includeInIndex = 0; path = BribeCongressUITests.xctest; sourceTree = BUILT_PRODUCTS_DIR; };
		94B3BD612064015000EA8C16 /* BribeCongressUITests.swift */ = {isa = PBXFileReference; lastKnownFileType = sourcecode.swift; path = BribeCongressUITests.swift; sourceTree = "<group>"; };
		94B3BD632064015000EA8C16 /* Info.plist */ = {isa = PBXFileReference; lastKnownFileType = text.plist.xml; path = Info.plist; sourceTree = "<group>"; };
		94B3BD6F2064031200EA8C16 /* States.json */ = {isa = PBXFileReference; fileEncoding = 4; lastKnownFileType = text.json; path = States.json; sourceTree = "<group>"; };
		94B3BD752064039D00EA8C16 /* ChooseStateViewController.swift */ = {isa = PBXFileReference; lastKnownFileType = sourcecode.swift; path = ChooseStateViewController.swift; sourceTree = "<group>"; };
		B05D188CE475BBC2CA74877D /* Pods-BribeCongressUITests.debug.xcconfig */ = {isa = PBXFileReference; includeInIndex = 1; lastKnownFileType = text.xcconfig; name = "Pods-BribeCongressUITests.debug.xcconfig"; path = "Pods/Target Support Files/Pods-BribeCongressUITests/Pods-BribeCongressUITests.debug.xcconfig"; sourceTree = "<group>"; };
		B7AF79AC2B5472396F1AB05C /* Pods-BribeCongress.debug.xcconfig */ = {isa = PBXFileReference; includeInIndex = 1; lastKnownFileType = text.xcconfig; name = "Pods-BribeCongress.debug.xcconfig"; path = "Pods/Target Support Files/Pods-BribeCongress/Pods-BribeCongress.debug.xcconfig"; sourceTree = "<group>"; };
		E13C684EA6C616999776A1D2 /* Pods-BribeCongress.release.xcconfig */ = {isa = PBXFileReference; includeInIndex = 1; lastKnownFileType = text.xcconfig; name = "Pods-BribeCongress.release.xcconfig"; path = "Pods/Target Support Files/Pods-BribeCongress/Pods-BribeCongress.release.xcconfig"; sourceTree = "<group>"; };
		E87B8BD4FDE71247E09AE70E /* Pods-BribeCongressTests.release.xcconfig */ = {isa = PBXFileReference; includeInIndex = 1; lastKnownFileType = text.xcconfig; name = "Pods-BribeCongressTests.release.xcconfig"; path = "Pods/Target Support Files/Pods-BribeCongressTests/Pods-BribeCongressTests.release.xcconfig"; sourceTree = "<group>"; };
/* End PBXFileReference section */

/* Begin PBXFrameworksBuildPhase section */
		94B3BD3B2064015000EA8C16 /* Frameworks */ = {
			isa = PBXFrameworksBuildPhase;
			buildActionMask = 2147483647;
			files = (
				FE2330703CAEE67DED23B107 /* Pods_BribeCongress.framework in Frameworks */,
			);
			runOnlyForDeploymentPostprocessing = 0;
		};
		94B3BD4F2064015000EA8C16 /* Frameworks */ = {
			isa = PBXFrameworksBuildPhase;
			buildActionMask = 2147483647;
			files = (
				C3FEC237757EFAF98C5032D0 /* Pods_BribeCongressTests.framework in Frameworks */,
			);
			runOnlyForDeploymentPostprocessing = 0;
		};
		94B3BD5A2064015000EA8C16 /* Frameworks */ = {
			isa = PBXFrameworksBuildPhase;
			buildActionMask = 2147483647;
			files = (
				BFB02E06D8B670D83C83E6DE /* Pods_BribeCongressUITests.framework in Frameworks */,
			);
			runOnlyForDeploymentPostprocessing = 0;
		};
/* End PBXFrameworksBuildPhase section */

/* Begin PBXGroup section */
		28A174503D474C90130D52B3 /* Pods */ = {
			isa = PBXGroup;
			children = (
				B7AF79AC2B5472396F1AB05C /* Pods-BribeCongress.debug.xcconfig */,
				E13C684EA6C616999776A1D2 /* Pods-BribeCongress.release.xcconfig */,
				32EDC7A07CB7243286975CBD /* Pods-BribeCongressTests.debug.xcconfig */,
				E87B8BD4FDE71247E09AE70E /* Pods-BribeCongressTests.release.xcconfig */,
				B05D188CE475BBC2CA74877D /* Pods-BribeCongressUITests.debug.xcconfig */,
				7372B2143EC95BA95304125C /* Pods-BribeCongressUITests.release.xcconfig */,
			);
			name = Pods;
			sourceTree = "<group>";
		};
		4CDA662342E2288ACEAEB173 /* Frameworks */ = {
			isa = PBXGroup;
			children = (
				58C173218DD5769A0391293C /* Pods_BribeCongress.framework */,
				71BBF062956F6BE9C4FDE94E /* Pods_BribeCongressTests.framework */,
				4D32129D4FF0E643D56888D6 /* Pods_BribeCongressUITests.framework */,
			);
			name = Frameworks;
			sourceTree = "<group>";
		};
		94B3BD352064015000EA8C16 = {
			isa = PBXGroup;
			children = (
				94B3BD402064015000EA8C16 /* BribeCongress */,
				94B3BD552064015000EA8C16 /* BribeCongressTests */,
				94B3BD602064015000EA8C16 /* BribeCongressUITests */,
				94B3BD3F2064015000EA8C16 /* Products */,
				28A174503D474C90130D52B3 /* Pods */,
				4CDA662342E2288ACEAEB173 /* Frameworks */,
			);
			sourceTree = "<group>";
		};
		94B3BD3F2064015000EA8C16 /* Products */ = {
			isa = PBXGroup;
			children = (
				94B3BD3E2064015000EA8C16 /* BribeCongress.app */,
				94B3BD522064015000EA8C16 /* BribeCongressTests.xctest */,
				94B3BD5D2064015000EA8C16 /* BribeCongressUITests.xctest */,
			);
			name = Products;
			sourceTree = "<group>";
		};
		94B3BD402064015000EA8C16 /* BribeCongress */ = {
			isa = PBXGroup;
			children = (
				94B3BD412064015000EA8C16 /* AppDelegate.swift */,
				94B3BD452064015000EA8C16 /* Main.storyboard */,
				94B3BD482064015000EA8C16 /* Assets.xcassets */,
				94B3BD4A2064015000EA8C16 /* LaunchScreen.storyboard */,
				94B3BD4D2064015000EA8C16 /* Info.plist */,
				94B3BD6F2064031200EA8C16 /* States.json */,
				94B3BD752064039D00EA8C16 /* ChooseStateViewController.swift */,
				945080E42066AB9500E855FC /* State.swift */,
				949FF08F20752DA7003D7238 /* OpenSecretsResponse.swift */,
				945080E82066CA2800E855FC /* Rep.swift */,
				945080E62066BB7F00E855FC /* ChooseRepViewController.swift */,
			);
			path = BribeCongress;
			sourceTree = "<group>";
		};
		94B3BD552064015000EA8C16 /* BribeCongressTests */ = {
			isa = PBXGroup;
			children = (
				94B3BD562064015000EA8C16 /* BribeCongressTests.swift */,
				94B3BD582064015000EA8C16 /* Info.plist */,
			);
			path = BribeCongressTests;
			sourceTree = "<group>";
		};
		94B3BD602064015000EA8C16 /* BribeCongressUITests */ = {
			isa = PBXGroup;
			children = (
				94B3BD612064015000EA8C16 /* BribeCongressUITests.swift */,
				94B3BD632064015000EA8C16 /* Info.plist */,
			);
			path = BribeCongressUITests;
			sourceTree = "<group>";
		};
/* End PBXGroup section */

/* Begin PBXNativeTarget section */
		94B3BD3D2064015000EA8C16 /* BribeCongress */ = {
			isa = PBXNativeTarget;
			buildConfigurationList = 94B3BD662064015000EA8C16 /* Build configuration list for PBXNativeTarget "BribeCongress" */;
			buildPhases = (
				CE1CFB00BB273BBD2EF530F5 /* [CP] Check Pods Manifest.lock */,
				94B3BD3A2064015000EA8C16 /* Sources */,
				94B3BD3B2064015000EA8C16 /* Frameworks */,
				94B3BD3C2064015000EA8C16 /* Resources */,
				64494BBF652F14DE629AE4EF /* [CP] Embed Pods Frameworks */,
				13988AD68E3A5B4343D62AAB /* [CP] Copy Pods Resources */,
			);
			buildRules = (
			);
			dependencies = (
			);
			name = BribeCongress;
			productName = BribeCongress;
			productReference = 94B3BD3E2064015000EA8C16 /* BribeCongress.app */;
			productType = "com.apple.product-type.application";
		};
		94B3BD512064015000EA8C16 /* BribeCongressTests */ = {
			isa = PBXNativeTarget;
			buildConfigurationList = 94B3BD692064015000EA8C16 /* Build configuration list for PBXNativeTarget "BribeCongressTests" */;
			buildPhases = (
				141DC5E40B7598C2FFE25E84 /* [CP] Check Pods Manifest.lock */,
				94B3BD4E2064015000EA8C16 /* Sources */,
				94B3BD4F2064015000EA8C16 /* Frameworks */,
				94B3BD502064015000EA8C16 /* Resources */,
				B969E3FF191E3F6B020E5F2A /* [CP] Embed Pods Frameworks */,
				99065499360A57B1A1925E53 /* [CP] Copy Pods Resources */,
			);
			buildRules = (
			);
			dependencies = (
				94B3BD542064015000EA8C16 /* PBXTargetDependency */,
			);
			name = BribeCongressTests;
			productName = BribeCongressTests;
			productReference = 94B3BD522064015000EA8C16 /* BribeCongressTests.xctest */;
			productType = "com.apple.product-type.bundle.unit-test";
		};
		94B3BD5C2064015000EA8C16 /* BribeCongressUITests */ = {
			isa = PBXNativeTarget;
			buildConfigurationList = 94B3BD6C2064015000EA8C16 /* Build configuration list for PBXNativeTarget "BribeCongressUITests" */;
			buildPhases = (
				5BDCD1AF6D32720C0588A6F8 /* [CP] Check Pods Manifest.lock */,
				94B3BD592064015000EA8C16 /* Sources */,
				94B3BD5A2064015000EA8C16 /* Frameworks */,
				94B3BD5B2064015000EA8C16 /* Resources */,
				E17473F90E2F3423A9CA5698 /* [CP] Embed Pods Frameworks */,
				971DDD0E8486A3A7489F51C7 /* [CP] Copy Pods Resources */,
			);
			buildRules = (
			);
			dependencies = (
				94B3BD5F2064015000EA8C16 /* PBXTargetDependency */,
			);
			name = BribeCongressUITests;
			productName = BribeCongressUITests;
			productReference = 94B3BD5D2064015000EA8C16 /* BribeCongressUITests.xctest */;
			productType = "com.apple.product-type.bundle.ui-testing";
		};
/* End PBXNativeTarget section */

/* Begin PBXProject section */
		94B3BD362064015000EA8C16 /* Project object */ = {
			isa = PBXProject;
			attributes = {
				LastSwiftUpdateCheck = 0920;
				LastUpgradeCheck = 0930;
				ORGANIZATIONNAME = "John Bogil";
				TargetAttributes = {
					94B3BD3D2064015000EA8C16 = {
						CreatedOnToolsVersion = 9.2;
						ProvisioningStyle = Automatic;
					};
					94B3BD512064015000EA8C16 = {
						CreatedOnToolsVersion = 9.2;
						ProvisioningStyle = Automatic;
						TestTargetID = 94B3BD3D2064015000EA8C16;
					};
					94B3BD5C2064015000EA8C16 = {
						CreatedOnToolsVersion = 9.2;
						ProvisioningStyle = Automatic;
						TestTargetID = 94B3BD3D2064015000EA8C16;
					};
				};
			};
			buildConfigurationList = 94B3BD392064015000EA8C16 /* Build configuration list for PBXProject "BribeCongress" */;
			compatibilityVersion = "Xcode 8.0";
			developmentRegion = en;
			hasScannedForEncodings = 0;
			knownRegions = (
				en,
				Base,
			);
			mainGroup = 94B3BD352064015000EA8C16;
			productRefGroup = 94B3BD3F2064015000EA8C16 /* Products */;
			projectDirPath = "";
			projectRoot = "";
			targets = (
				94B3BD3D2064015000EA8C16 /* BribeCongress */,
				94B3BD512064015000EA8C16 /* BribeCongressTests */,
				94B3BD5C2064015000EA8C16 /* BribeCongressUITests */,
			);
		};
/* End PBXProject section */

/* Begin PBXResourcesBuildPhase section */
		94B3BD3C2064015000EA8C16 /* Resources */ = {
			isa = PBXResourcesBuildPhase;
			buildActionMask = 2147483647;
			files = (
				94B3BD4C2064015000EA8C16 /* LaunchScreen.storyboard in Resources */,
				94B3BD492064015000EA8C16 /* Assets.xcassets in Resources */,
				94B3BD472064015000EA8C16 /* Main.storyboard in Resources */,
				94B3BD702064031200EA8C16 /* States.json in Resources */,
			);
			runOnlyForDeploymentPostprocessing = 0;
		};
		94B3BD502064015000EA8C16 /* Resources */ = {
			isa = PBXResourcesBuildPhase;
			buildActionMask = 2147483647;
			files = (
			);
			runOnlyForDeploymentPostprocessing = 0;
		};
		94B3BD5B2064015000EA8C16 /* Resources */ = {
			isa = PBXResourcesBuildPhase;
			buildActionMask = 2147483647;
			files = (
			);
			runOnlyForDeploymentPostprocessing = 0;
		};
/* End PBXResourcesBuildPhase section */

/* Begin PBXShellScriptBuildPhase section */
		13988AD68E3A5B4343D62AAB /* [CP] Copy Pods Resources */ = {
			isa = PBXShellScriptBuildPhase;
			buildActionMask = 2147483647;
			files = (
			);
			inputPaths = (
			);
			name = "[CP] Copy Pods Resources";
			outputPaths = (
			);
			runOnlyForDeploymentPostprocessing = 0;
			shellPath = /bin/sh;
			shellScript = "\"${SRCROOT}/Pods/Target Support Files/Pods-BribeCongress/Pods-BribeCongress-resources.sh\"\n";
			showEnvVarsInLog = 0;
		};
		141DC5E40B7598C2FFE25E84 /* [CP] Check Pods Manifest.lock */ = {
			isa = PBXShellScriptBuildPhase;
			buildActionMask = 2147483647;
			files = (
			);
			inputPaths = (
				"${PODS_PODFILE_DIR_PATH}/Podfile.lock",
				"${PODS_ROOT}/Manifest.lock",
			);
			name = "[CP] Check Pods Manifest.lock";
			outputPaths = (
				"$(DERIVED_FILE_DIR)/Pods-BribeCongressTests-checkManifestLockResult.txt",
			);
			runOnlyForDeploymentPostprocessing = 0;
			shellPath = /bin/sh;
			shellScript = "diff \"${PODS_PODFILE_DIR_PATH}/Podfile.lock\" \"${PODS_ROOT}/Manifest.lock\" > /dev/null\nif [ $? != 0 ] ; then\n    # print error to STDERR\n    echo \"error: The sandbox is not in sync with the Podfile.lock. Run 'pod install' or update your CocoaPods installation.\" >&2\n    exit 1\nfi\n# This output is used by Xcode 'outputs' to avoid re-running this script phase.\necho \"SUCCESS\" > \"${SCRIPT_OUTPUT_FILE_0}\"\n";
			showEnvVarsInLog = 0;
		};
		5BDCD1AF6D32720C0588A6F8 /* [CP] Check Pods Manifest.lock */ = {
			isa = PBXShellScriptBuildPhase;
			buildActionMask = 2147483647;
			files = (
			);
			inputPaths = (
				"${PODS_PODFILE_DIR_PATH}/Podfile.lock",
				"${PODS_ROOT}/Manifest.lock",
			);
			name = "[CP] Check Pods Manifest.lock";
			outputPaths = (
				"$(DERIVED_FILE_DIR)/Pods-BribeCongressUITests-checkManifestLockResult.txt",
			);
			runOnlyForDeploymentPostprocessing = 0;
			shellPath = /bin/sh;
			shellScript = "diff \"${PODS_PODFILE_DIR_PATH}/Podfile.lock\" \"${PODS_ROOT}/Manifest.lock\" > /dev/null\nif [ $? != 0 ] ; then\n    # print error to STDERR\n    echo \"error: The sandbox is not in sync with the Podfile.lock. Run 'pod install' or update your CocoaPods installation.\" >&2\n    exit 1\nfi\n# This output is used by Xcode 'outputs' to avoid re-running this script phase.\necho \"SUCCESS\" > \"${SCRIPT_OUTPUT_FILE_0}\"\n";
			showEnvVarsInLog = 0;
		};
		64494BBF652F14DE629AE4EF /* [CP] Embed Pods Frameworks */ = {
			isa = PBXShellScriptBuildPhase;
			buildActionMask = 2147483647;
			files = (
			);
			inputPaths = (
				"${SRCROOT}/Pods/Target Support Files/Pods-BribeCongress/Pods-BribeCongress-frameworks.sh",
				"${BUILT_PRODUCTS_DIR}/SwiftyJSON/SwiftyJSON.framework",
			);
			name = "[CP] Embed Pods Frameworks";
			outputPaths = (
				"${TARGET_BUILD_DIR}/${FRAMEWORKS_FOLDER_PATH}/SwiftyJSON.framework",
			);
			runOnlyForDeploymentPostprocessing = 0;
			shellPath = /bin/sh;
			shellScript = "\"${SRCROOT}/Pods/Target Support Files/Pods-BribeCongress/Pods-BribeCongress-frameworks.sh\"\n";
			showEnvVarsInLog = 0;
		};
		971DDD0E8486A3A7489F51C7 /* [CP] Copy Pods Resources */ = {
			isa = PBXShellScriptBuildPhase;
			buildActionMask = 2147483647;
			files = (
			);
			inputPaths = (
			);
			name = "[CP] Copy Pods Resources";
			outputPaths = (
			);
			runOnlyForDeploymentPostprocessing = 0;
			shellPath = /bin/sh;
			shellScript = "\"${SRCROOT}/Pods/Target Support Files/Pods-BribeCongressUITests/Pods-BribeCongressUITests-resources.sh\"\n";
			showEnvVarsInLog = 0;
		};
		99065499360A57B1A1925E53 /* [CP] Copy Pods Resources */ = {
			isa = PBXShellScriptBuildPhase;
			buildActionMask = 2147483647;
			files = (
			);
			inputPaths = (
			);
			name = "[CP] Copy Pods Resources";
			outputPaths = (
			);
			runOnlyForDeploymentPostprocessing = 0;
			shellPath = /bin/sh;
			shellScript = "\"${SRCROOT}/Pods/Target Support Files/Pods-BribeCongressTests/Pods-BribeCongressTests-resources.sh\"\n";
			showEnvVarsInLog = 0;
		};
		B969E3FF191E3F6B020E5F2A /* [CP] Embed Pods Frameworks */ = {
			isa = PBXShellScriptBuildPhase;
			buildActionMask = 2147483647;
			files = (
			);
			inputPaths = (
			);
			name = "[CP] Embed Pods Frameworks";
			outputPaths = (
			);
			runOnlyForDeploymentPostprocessing = 0;
			shellPath = /bin/sh;
			shellScript = "\"${SRCROOT}/Pods/Target Support Files/Pods-BribeCongressTests/Pods-BribeCongressTests-frameworks.sh\"\n";
			showEnvVarsInLog = 0;
		};
		CE1CFB00BB273BBD2EF530F5 /* [CP] Check Pods Manifest.lock */ = {
			isa = PBXShellScriptBuildPhase;
			buildActionMask = 2147483647;
			files = (
			);
			inputPaths = (
				"${PODS_PODFILE_DIR_PATH}/Podfile.lock",
				"${PODS_ROOT}/Manifest.lock",
			);
			name = "[CP] Check Pods Manifest.lock";
			outputPaths = (
				"$(DERIVED_FILE_DIR)/Pods-BribeCongress-checkManifestLockResult.txt",
			);
			runOnlyForDeploymentPostprocessing = 0;
			shellPath = /bin/sh;
			shellScript = "diff \"${PODS_PODFILE_DIR_PATH}/Podfile.lock\" \"${PODS_ROOT}/Manifest.lock\" > /dev/null\nif [ $? != 0 ] ; then\n    # print error to STDERR\n    echo \"error: The sandbox is not in sync with the Podfile.lock. Run 'pod install' or update your CocoaPods installation.\" >&2\n    exit 1\nfi\n# This output is used by Xcode 'outputs' to avoid re-running this script phase.\necho \"SUCCESS\" > \"${SCRIPT_OUTPUT_FILE_0}\"\n";
			showEnvVarsInLog = 0;
		};
		E17473F90E2F3423A9CA5698 /* [CP] Embed Pods Frameworks */ = {
			isa = PBXShellScriptBuildPhase;
			buildActionMask = 2147483647;
			files = (
			);
			inputPaths = (
			);
			name = "[CP] Embed Pods Frameworks";
			outputPaths = (
			);
			runOnlyForDeploymentPostprocessing = 0;
			shellPath = /bin/sh;
			shellScript = "\"${SRCROOT}/Pods/Target Support Files/Pods-BribeCongressUITests/Pods-BribeCongressUITests-frameworks.sh\"\n";
			showEnvVarsInLog = 0;
		};
/* End PBXShellScriptBuildPhase section */

/* Begin PBXSourcesBuildPhase section */
		94B3BD3A2064015000EA8C16 /* Sources */ = {
			isa = PBXSourcesBuildPhase;
			buildActionMask = 2147483647;
			files = (
				94B3BD762064039D00EA8C16 /* ChooseStateViewController.swift in Sources */,
				94B3BD422064015000EA8C16 /* AppDelegate.swift in Sources */,
				949FF09020752DA7003D7238 /* OpenSecretsResponse.swift in Sources */,
				945080E52066AB9500E855FC /* State.swift in Sources */,
				945080E72066BB7F00E855FC /* ChooseRepViewController.swift in Sources */,
				945080E92066CA2800E855FC /* Rep.swift in Sources */,
			);
			runOnlyForDeploymentPostprocessing = 0;
		};
		94B3BD4E2064015000EA8C16 /* Sources */ = {
			isa = PBXSourcesBuildPhase;
			buildActionMask = 2147483647;
			files = (
				94B3BD572064015000EA8C16 /* BribeCongressTests.swift in Sources */,
			);
			runOnlyForDeploymentPostprocessing = 0;
		};
		94B3BD592064015000EA8C16 /* Sources */ = {
			isa = PBXSourcesBuildPhase;
			buildActionMask = 2147483647;
			files = (
				94B3BD622064015000EA8C16 /* BribeCongressUITests.swift in Sources */,
			);
			runOnlyForDeploymentPostprocessing = 0;
		};
/* End PBXSourcesBuildPhase section */

/* Begin PBXTargetDependency section */
		94B3BD542064015000EA8C16 /* PBXTargetDependency */ = {
			isa = PBXTargetDependency;
			target = 94B3BD3D2064015000EA8C16 /* BribeCongress */;
			targetProxy = 94B3BD532064015000EA8C16 /* PBXContainerItemProxy */;
		};
		94B3BD5F2064015000EA8C16 /* PBXTargetDependency */ = {
			isa = PBXTargetDependency;
			target = 94B3BD3D2064015000EA8C16 /* BribeCongress */;
			targetProxy = 94B3BD5E2064015000EA8C16 /* PBXContainerItemProxy */;
		};
/* End PBXTargetDependency section */

/* Begin PBXVariantGroup section */
		94B3BD452064015000EA8C16 /* Main.storyboard */ = {
			isa = PBXVariantGroup;
			children = (
				94B3BD462064015000EA8C16 /* Base */,
			);
			name = Main.storyboard;
			sourceTree = "<group>";
		};
		94B3BD4A2064015000EA8C16 /* LaunchScreen.storyboard */ = {
			isa = PBXVariantGroup;
			children = (
				94B3BD4B2064015000EA8C16 /* Base */,
			);
			name = LaunchScreen.storyboard;
			sourceTree = "<group>";
		};
/* End PBXVariantGroup section */

/* Begin XCBuildConfiguration section */
		94B3BD642064015000EA8C16 /* Debug */ = {
			isa = XCBuildConfiguration;
			buildSettings = {
				ALWAYS_SEARCH_USER_PATHS = NO;
				CLANG_ANALYZER_NONNULL = YES;
				CLANG_ANALYZER_NUMBER_OBJECT_CONVERSION = YES_AGGRESSIVE;
				CLANG_CXX_LANGUAGE_STANDARD = "gnu++14";
				CLANG_CXX_LIBRARY = "libc++";
				CLANG_ENABLE_MODULES = YES;
				CLANG_ENABLE_OBJC_ARC = YES;
				CLANG_WARN_BLOCK_CAPTURE_AUTORELEASING = YES;
				CLANG_WARN_BOOL_CONVERSION = YES;
				CLANG_WARN_COMMA = YES;
				CLANG_WARN_CONSTANT_CONVERSION = YES;
				CLANG_WARN_DEPRECATED_OBJC_IMPLEMENTATIONS = YES;
				CLANG_WARN_DIRECT_OBJC_ISA_USAGE = YES_ERROR;
				CLANG_WARN_DOCUMENTATION_COMMENTS = YES;
				CLANG_WARN_EMPTY_BODY = YES;
				CLANG_WARN_ENUM_CONVERSION = YES;
				CLANG_WARN_INFINITE_RECURSION = YES;
				CLANG_WARN_INT_CONVERSION = YES;
				CLANG_WARN_NON_LITERAL_NULL_CONVERSION = YES;
				CLANG_WARN_OBJC_IMPLICIT_RETAIN_SELF = YES;
				CLANG_WARN_OBJC_LITERAL_CONVERSION = YES;
				CLANG_WARN_OBJC_ROOT_CLASS = YES_ERROR;
				CLANG_WARN_RANGE_LOOP_ANALYSIS = YES;
				CLANG_WARN_STRICT_PROTOTYPES = YES;
				CLANG_WARN_SUSPICIOUS_MOVE = YES;
				CLANG_WARN_UNGUARDED_AVAILABILITY = YES_AGGRESSIVE;
				CLANG_WARN_UNREACHABLE_CODE = YES;
				CLANG_WARN__DUPLICATE_METHOD_MATCH = YES;
				CODE_SIGN_IDENTITY = "iPhone Developer";
				COPY_PHASE_STRIP = NO;
				DEBUG_INFORMATION_FORMAT = dwarf;
				ENABLE_STRICT_OBJC_MSGSEND = YES;
				ENABLE_TESTABILITY = YES;
				GCC_C_LANGUAGE_STANDARD = gnu11;
				GCC_DYNAMIC_NO_PIC = NO;
				GCC_NO_COMMON_BLOCKS = YES;
				GCC_OPTIMIZATION_LEVEL = 0;
				GCC_PREPROCESSOR_DEFINITIONS = (
					"DEBUG=1",
					"$(inherited)",
				);
				GCC_WARN_64_TO_32_BIT_CONVERSION = YES;
				GCC_WARN_ABOUT_RETURN_TYPE = YES_ERROR;
				GCC_WARN_UNDECLARED_SELECTOR = YES;
				GCC_WARN_UNINITIALIZED_AUTOS = YES_AGGRESSIVE;
				GCC_WARN_UNUSED_FUNCTION = YES;
				GCC_WARN_UNUSED_VARIABLE = YES;
				IPHONEOS_DEPLOYMENT_TARGET = 11.2;
				MTL_ENABLE_DEBUG_INFO = YES;
				ONLY_ACTIVE_ARCH = YES;
				SDKROOT = iphoneos;
				SWIFT_ACTIVE_COMPILATION_CONDITIONS = DEBUG;
				SWIFT_OPTIMIZATION_LEVEL = "-Onone";
			};
			name = Debug;
		};
		94B3BD652064015000EA8C16 /* Release */ = {
			isa = XCBuildConfiguration;
			buildSettings = {
				ALWAYS_SEARCH_USER_PATHS = NO;
				CLANG_ANALYZER_NONNULL = YES;
				CLANG_ANALYZER_NUMBER_OBJECT_CONVERSION = YES_AGGRESSIVE;
				CLANG_CXX_LANGUAGE_STANDARD = "gnu++14";
				CLANG_CXX_LIBRARY = "libc++";
				CLANG_ENABLE_MODULES = YES;
				CLANG_ENABLE_OBJC_ARC = YES;
				CLANG_WARN_BLOCK_CAPTURE_AUTORELEASING = YES;
				CLANG_WARN_BOOL_CONVERSION = YES;
				CLANG_WARN_COMMA = YES;
				CLANG_WARN_CONSTANT_CONVERSION = YES;
				CLANG_WARN_DEPRECATED_OBJC_IMPLEMENTATIONS = YES;
				CLANG_WARN_DIRECT_OBJC_ISA_USAGE = YES_ERROR;
				CLANG_WARN_DOCUMENTATION_COMMENTS = YES;
				CLANG_WARN_EMPTY_BODY = YES;
				CLANG_WARN_ENUM_CONVERSION = YES;
				CLANG_WARN_INFINITE_RECURSION = YES;
				CLANG_WARN_INT_CONVERSION = YES;
				CLANG_WARN_NON_LITERAL_NULL_CONVERSION = YES;
				CLANG_WARN_OBJC_IMPLICIT_RETAIN_SELF = YES;
				CLANG_WARN_OBJC_LITERAL_CONVERSION = YES;
				CLANG_WARN_OBJC_ROOT_CLASS = YES_ERROR;
				CLANG_WARN_RANGE_LOOP_ANALYSIS = YES;
				CLANG_WARN_STRICT_PROTOTYPES = YES;
				CLANG_WARN_SUSPICIOUS_MOVE = YES;
				CLANG_WARN_UNGUARDED_AVAILABILITY = YES_AGGRESSIVE;
				CLANG_WARN_UNREACHABLE_CODE = YES;
				CLANG_WARN__DUPLICATE_METHOD_MATCH = YES;
				CODE_SIGN_IDENTITY = "iPhone Developer";
				COPY_PHASE_STRIP = NO;
				DEBUG_INFORMATION_FORMAT = "dwarf-with-dsym";
				ENABLE_NS_ASSERTIONS = NO;
				ENABLE_STRICT_OBJC_MSGSEND = YES;
				GCC_C_LANGUAGE_STANDARD = gnu11;
				GCC_NO_COMMON_BLOCKS = YES;
				GCC_WARN_64_TO_32_BIT_CONVERSION = YES;
				GCC_WARN_ABOUT_RETURN_TYPE = YES_ERROR;
				GCC_WARN_UNDECLARED_SELECTOR = YES;
				GCC_WARN_UNINITIALIZED_AUTOS = YES_AGGRESSIVE;
				GCC_WARN_UNUSED_FUNCTION = YES;
				GCC_WARN_UNUSED_VARIABLE = YES;
				IPHONEOS_DEPLOYMENT_TARGET = 11.2;
				MTL_ENABLE_DEBUG_INFO = NO;
				SDKROOT = iphoneos;
				SWIFT_OPTIMIZATION_LEVEL = "-Owholemodule";
				VALIDATE_PRODUCT = YES;
			};
			name = Release;
		};
		94B3BD672064015000EA8C16 /* Debug */ = {
			isa = XCBuildConfiguration;
			baseConfigurationReference = B7AF79AC2B5472396F1AB05C /* Pods-BribeCongress.debug.xcconfig */;
			buildSettings = {
				ASSETCATALOG_COMPILER_APPICON_NAME = AppIcon;
				CODE_SIGN_STYLE = Automatic;
				DEVELOPMENT_TEAM = 4Y3GGL46D2;
				INFOPLIST_FILE = BribeCongress/Info.plist;
				LD_RUNPATH_SEARCH_PATHS = "$(inherited) @executable_path/Frameworks";
				PRODUCT_BUNDLE_IDENTIFIER = johnbogil.BribeCongress;
				PRODUCT_NAME = "$(TARGET_NAME)";
				SWIFT_VERSION = 4.0;
				TARGETED_DEVICE_FAMILY = "1,2";
			};
			name = Debug;
		};
		94B3BD682064015000EA8C16 /* Release */ = {
			isa = XCBuildConfiguration;
			baseConfigurationReference = E13C684EA6C616999776A1D2 /* Pods-BribeCongress.release.xcconfig */;
			buildSettings = {
				ASSETCATALOG_COMPILER_APPICON_NAME = AppIcon;
				CODE_SIGN_STYLE = Automatic;
				DEVELOPMENT_TEAM = 4Y3GGL46D2;
				INFOPLIST_FILE = BribeCongress/Info.plist;
				LD_RUNPATH_SEARCH_PATHS = "$(inherited) @executable_path/Frameworks";
				PRODUCT_BUNDLE_IDENTIFIER = johnbogil.BribeCongress;
				PRODUCT_NAME = "$(TARGET_NAME)";
				SWIFT_VERSION = 4.0;
				TARGETED_DEVICE_FAMILY = "1,2";
			};
			name = Release;
		};
		94B3BD6A2064015000EA8C16 /* Debug */ = {
			isa = XCBuildConfiguration;
			baseConfigurationReference = 32EDC7A07CB7243286975CBD /* Pods-BribeCongressTests.debug.xcconfig */;
			buildSettings = {
				ALWAYS_EMBED_SWIFT_STANDARD_LIBRARIES = YES;
				BUNDLE_LOADER = "$(TEST_HOST)";
				CODE_SIGN_STYLE = Automatic;
				DEVELOPMENT_TEAM = 4Y3GGL46D2;
				INFOPLIST_FILE = BribeCongressTests/Info.plist;
				LD_RUNPATH_SEARCH_PATHS = "$(inherited) @executable_path/Frameworks @loader_path/Frameworks";
				PRODUCT_BUNDLE_IDENTIFIER = johnbogil.BribeCongressTests;
				PRODUCT_NAME = "$(TARGET_NAME)";
				SWIFT_VERSION = 4.0;
				TARGETED_DEVICE_FAMILY = "1,2";
				TEST_HOST = "$(BUILT_PRODUCTS_DIR)/BribeCongress.app/BribeCongress";
			};
			name = Debug;
		};
		94B3BD6B2064015000EA8C16 /* Release */ = {
			isa = XCBuildConfiguration;
			baseConfigurationReference = E87B8BD4FDE71247E09AE70E /* Pods-BribeCongressTests.release.xcconfig */;
			buildSettings = {
				ALWAYS_EMBED_SWIFT_STANDARD_LIBRARIES = YES;
				BUNDLE_LOADER = "$(TEST_HOST)";
				CODE_SIGN_STYLE = Automatic;
				DEVELOPMENT_TEAM = 4Y3GGL46D2;
				INFOPLIST_FILE = BribeCongressTests/Info.plist;
				LD_RUNPATH_SEARCH_PATHS = "$(inherited) @executable_path/Frameworks @loader_path/Frameworks";
				PRODUCT_BUNDLE_IDENTIFIER = johnbogil.BribeCongressTests;
				PRODUCT_NAME = "$(TARGET_NAME)";
				SWIFT_VERSION = 4.0;
				TARGETED_DEVICE_FAMILY = "1,2";
				TEST_HOST = "$(BUILT_PRODUCTS_DIR)/BribeCongress.app/BribeCongress";
			};
			name = Release;
		};
		94B3BD6D2064015000EA8C16 /* Debug */ = {
			isa = XCBuildConfiguration;
			baseConfigurationReference = B05D188CE475BBC2CA74877D /* Pods-BribeCongressUITests.debug.xcconfig */;
			buildSettings = {
				ALWAYS_EMBED_SWIFT_STANDARD_LIBRARIES = YES;
				CODE_SIGN_STYLE = Automatic;
				DEVELOPMENT_TEAM = 4Y3GGL46D2;
				INFOPLIST_FILE = BribeCongressUITests/Info.plist;
				LD_RUNPATH_SEARCH_PATHS = "$(inherited) @executable_path/Frameworks @loader_path/Frameworks";
				PRODUCT_BUNDLE_IDENTIFIER = johnbogil.BribeCongressUITests;
				PRODUCT_NAME = "$(TARGET_NAME)";
				SWIFT_VERSION = 4.0;
				TARGETED_DEVICE_FAMILY = "1,2";
				TEST_TARGET_NAME = BribeCongress;
			};
			name = Debug;
		};
		94B3BD6E2064015000EA8C16 /* Release */ = {
			isa = XCBuildConfiguration;
			baseConfigurationReference = 7372B2143EC95BA95304125C /* Pods-BribeCongressUITests.release.xcconfig */;
			buildSettings = {
				ALWAYS_EMBED_SWIFT_STANDARD_LIBRARIES = YES;
				CODE_SIGN_STYLE = Automatic;
				DEVELOPMENT_TEAM = 4Y3GGL46D2;
				INFOPLIST_FILE = BribeCongressUITests/Info.plist;
				LD_RUNPATH_SEARCH_PATHS = "$(inherited) @executable_path/Frameworks @loader_path/Frameworks";
				PRODUCT_BUNDLE_IDENTIFIER = johnbogil.BribeCongressUITests;
				PRODUCT_NAME = "$(TARGET_NAME)";
				SWIFT_VERSION = 4.0;
				TARGETED_DEVICE_FAMILY = "1,2";
				TEST_TARGET_NAME = BribeCongress;
			};
			name = Release;
		};
/* End XCBuildConfiguration section */

/* Begin XCConfigurationList section */
		94B3BD392064015000EA8C16 /* Build configuration list for PBXProject "BribeCongress" */ = {
			isa = XCConfigurationList;
			buildConfigurations = (
				94B3BD642064015000EA8C16 /* Debug */,
				94B3BD652064015000EA8C16 /* Release */,
			);
			defaultConfigurationIsVisible = 0;
			defaultConfigurationName = Release;
		};
		94B3BD662064015000EA8C16 /* Build configuration list for PBXNativeTarget "BribeCongress" */ = {
			isa = XCConfigurationList;
			buildConfigurations = (
				94B3BD672064015000EA8C16 /* Debug */,
				94B3BD682064015000EA8C16 /* Release */,
			);
			defaultConfigurationIsVisible = 0;
			defaultConfigurationName = Release;
		};
		94B3BD692064015000EA8C16 /* Build configuration list for PBXNativeTarget "BribeCongressTests" */ = {
			isa = XCConfigurationList;
			buildConfigurations = (
				94B3BD6A2064015000EA8C16 /* Debug */,
				94B3BD6B2064015000EA8C16 /* Release */,
			);
			defaultConfigurationIsVisible = 0;
			defaultConfigurationName = Release;
		};
		94B3BD6C2064015000EA8C16 /* Build configuration list for PBXNativeTarget "BribeCongressUITests" */ = {
			isa = XCConfigurationList;
			buildConfigurations = (
				94B3BD6D2064015000EA8C16 /* Debug */,
				94B3BD6E2064015000EA8C16 /* Release */,
			);
			defaultConfigurationIsVisible = 0;
			defaultConfigurationName = Release;
		};
/* End XCConfigurationList section */
	};
	rootObject = 94B3BD362064015000EA8C16 /* Project object */;
}
